{
  "originHash" : "bebfbf4721ef205e46d7a1312bcdb1ac424f007b83692f1b56ff907a331c2d29",
  "pins" : [
    {
      "identity" : "swift-syntax",
      "kind" : "remoteSourceControl",
      "location" : "https://github.com/swiftlang/swift-syntax.git",
      "state" : {
        "revision" : "050f1a346fbbac0ca2cfb15a95274f7bd1cf0ccf",
        "version" : "604.0.0"
      }
    },
    {
      "identity" : "yams",
      "kind" : "remoteSourceControl",
      "location" : "https://github.com/jpsim/Yams.git",
      "state" : {
        "revision" : "a27b21e0c81c5bf42049b897a62aaf387e80f279",
        "version" : "6.2.2"
      }
    }
  ],
  "version" : 3
}
